
Microsoft Visual Studio Solution File, Format Version 12.00
# Visual Studio Version 17
VisualStudioVersion = 17.3.32929.385
MinimumVisualStudioVersion = 10.0.40219.1
Project("{FAE04EC0-301F-11D3-BF4B-00C04F79EFBC}") = "csharp-biblioteca-db", "csharp-biblioteca-db.csproj", "{09813C69-59BC-4F4D-810B-DCA0FB0E4F3E}"
EndProject
Global
	GlobalSection(SolutionConfigurationPlatforms) = preSolution
		Debug|Any CPU = Debug|Any CPU
		Release|Any CPU = Release|Any CPU
	EndGlobalSection
	GlobalSection(ProjectConfigurationPlatforms) = postSolution
		{09813C69-59BC-4F4D-810B-DCA0FB0E4F3E}.Debug|Any CPU.ActiveCfg = Debug|Any CPU
		{09813C69-59BC-4F4D-810B-DCA0FB0E4F3E}.Debug|Any CPU.Build.0 = Debug|Any CPU
		{09813C69-59BC-4F4D-810B-DCA0FB0E4F3E}.Release|Any CPU.ActiveCfg = Release|Any CPU
		{09813C69-59BC-4F4D-810B-DCA0FB0E4F3E}.Release|Any CPU.Build.0 = Release|Any CPU
	EndGlobalSection
	GlobalSection(SolutionProperties) = preSolution
		HideSolutionNode = FALSE
	EndGlobalSection
	GlobalSection(ExtensibilityGlobals) = postSolution
		SolutionGuid = {39966743-D315-4E7B-983E-40829A223CE0}
	EndGlobalSection
EndGlobal
